
Microsoft Visual Studio Solution File, Format Version 12.00
# Visual Studio Version 16
VisualStudioVersion = 16.0.30011.22
MinimumVisualStudioVersion = 10.0.40219.1
Project("{FAE04EC0-301F-11D3-BF4B-00C04F79EFBC}") = "MyLibrary", "MyLibrary\MyLibrary.csproj", "{852E5F69-C6C3-4C68-8CFD-CFDE5BAD35AD}"
EndProject
Global
	GlobalSection(SolutionConfigurationPlatforms) = preSolution
		Debug|Any CPU = Debug|Any CPU
		Release|Any CPU = Release|Any CPU
	EndGlobalSection
	GlobalSection(ProjectConfigurationPlatforms) = postSolution
		{852E5F69-C6C3-4C68-8CFD-CFDE5BAD35AD}.Debug|Any CPU.ActiveCfg = Debug|Any CPU
		{852E5F69-C6C3-4C68-8CFD-CFDE5BAD35AD}.Debug|Any CPU.Build.0 = Debug|Any CPU
		{852E5F69-C6C3-4C68-8CFD-CFDE5BAD35AD}.Release|Any CPU.ActiveCfg = Release|Any CPU
		{852E5F69-C6C3-4C68-8CFD-CFDE5BAD35AD}.Release|Any CPU.Build.0 = Release|Any CPU
	EndGlobalSection
	GlobalSection(SolutionProperties) = preSolution
		HideSolutionNode = FALSE
	EndGlobalSection
	GlobalSection(ExtensibilityGlobals) = postSolution
		SolutionGuid = {178D4297-DBA8-40A0-AA11-CAD337D9BA91}
	EndGlobalSection
EndGlobal
