
Microsoft Visual Studio Solution File, Format Version 12.00
# Visual Studio Version 16
VisualStudioVersion = 16.0.29806.167
MinimumVisualStudioVersion = 10.0.40219.1
Project("{FAE04EC0-301F-11D3-BF4B-00C04F79EFBC}") = "SRC", "SRC.csproj", "{621EEBAA-0CE7-4973-83B0-D0BB3C5A179A}"
EndProject
Global
	GlobalSection(SolutionConfigurationPlatforms) = preSolution
		Debug|Any CPU = Debug|Any CPU
		Release|Any CPU = Release|Any CPU
	EndGlobalSection
	GlobalSection(ProjectConfigurationPlatforms) = postSolution
		{621EEBAA-0CE7-4973-83B0-D0BB3C5A179A}.Debug|Any CPU.ActiveCfg = Debug|Any CPU
		{621EEBAA-0CE7-4973-83B0-D0BB3C5A179A}.Debug|Any CPU.Build.0 = Debug|Any CPU
		{621EEBAA-0CE7-4973-83B0-D0BB3C5A179A}.Release|Any CPU.ActiveCfg = Release|Any CPU
		{621EEBAA-0CE7-4973-83B0-D0BB3C5A179A}.Release|Any CPU.Build.0 = Release|Any CPU
	EndGlobalSection
	GlobalSection(SolutionProperties) = preSolution
		HideSolutionNode = FALSE
	EndGlobalSection
	GlobalSection(ExtensibilityGlobals) = postSolution
		SolutionGuid = {72AD73CC-DF3E-4FE1-9075-04B1364FF4B5}
	EndGlobalSection
EndGlobal
